// !$*UTF8*$!
{
	archiveVersion = 1;
	classes = {
	};
	objectVersion = 50;
	objects = {

/* Begin PBXBuildFile section */
		8D06FE5423F50B5600B3B213 /* AppDelegate.swift in Sources */ = {isa = PBXBuildFile; fileRef = 8D06FE5323F50B5600B3B213 /* AppDelegate.swift */; };
		8D06FE5623F50B5600B3B213 /* SceneDelegate.swift in Sources */ = {isa = PBXBuildFile; fileRef = 8D06FE5523F50B5600B3B213 /* SceneDelegate.swift */; };
		8D06FE5823F50B5600B3B213 /* TodoListViewController.swift in Sources */ = {isa = PBXBuildFile; fileRef = 8D06FE5723F50B5600B3B213 /* TodoListViewController.swift */; };
		8D06FE5B23F50B5600B3B213 /* Main.storyboard in Resources */ = {isa = PBXBuildFile; fileRef = 8D06FE5923F50B5600B3B213 /* Main.storyboard */; };
		8D06FE5D23F50B5600B3B213 /* Assets.xcassets in Resources */ = {isa = PBXBuildFile; fileRef = 8D06FE5C23F50B5600B3B213 /* Assets.xcassets */; };
		8D06FE6023F50B5600B3B213 /* LaunchScreen.storyboard in Resources */ = {isa = PBXBuildFile; fileRef = 8D06FE5E23F50B5600B3B213 /* LaunchScreen.storyboard */; };
		8D06FE6B23F50B5700B3B213 /* Todoey2Tests.swift in Sources */ = {isa = PBXBuildFile; fileRef = 8D06FE6A23F50B5700B3B213 /* Todoey2Tests.swift */; };
		8D06FE7623F50B5700B3B213 /* Todoey2UITests.swift in Sources */ = {isa = PBXBuildFile; fileRef = 8D06FE7523F50B5700B3B213 /* Todoey2UITests.swift */; };
		8D06FE8723F50FBE00B3B213 /* Item.swift in Sources */ = {isa = PBXBuildFile; fileRef = 8D06FE8623F50FBE00B3B213 /* Item.swift */; };
/* End PBXBuildFile section */

/* Begin PBXContainerItemProxy section */
		8D06FE6723F50B5700B3B213 /* PBXContainerItemProxy */ = {
			isa = PBXContainerItemProxy;
			containerPortal = 8D06FE4823F50B5600B3B213 /* Project object */;
			proxyType = 1;
			remoteGlobalIDString = 8D06FE4F23F50B5600B3B213;
			remoteInfo = Todoey2;
		};
		8D06FE7223F50B5700B3B213 /* PBXContainerItemProxy */ = {
			isa = PBXContainerItemProxy;
			containerPortal = 8D06FE4823F50B5600B3B213 /* Project object */;
			proxyType = 1;
			remoteGlobalIDString = 8D06FE4F23F50B5600B3B213;
			remoteInfo = Todoey2;
		};
/* End PBXContainerItemProxy section */

/* Begin PBXFileReference section */
		8D06FE5023F50B5600B3B213 /* Todoey2.app */ = {isa = PBXFileReference; explicitFileType = wrapper.application; includeInIndex = 0; path = Todoey2.app; sourceTree = BUILT_PRODUCTS_DIR; };
		8D06FE5323F50B5600B3B213 /* AppDelegate.swift */ = {isa = PBXFileReference; lastKnownFileType = sourcecode.swift; path = AppDelegate.swift; sourceTree = "<group>"; };
		8D06FE5523F50B5600B3B213 /* SceneDelegate.swift */ = {isa = PBXFileReference; lastKnownFileType = sourcecode.swift; path = SceneDelegate.swift; sourceTree = "<group>"; };
		8D06FE5723F50B5600B3B213 /* TodoListViewController.swift */ = {isa = PBXFileReference; lastKnownFileType = sourcecode.swift; path = TodoListViewController.swift; sourceTree = "<group>"; };
		8D06FE5A23F50B5600B3B213 /* Base */ = {isa = PBXFileReference; lastKnownFileType = file.storyboard; name = Base; path = Base.lproj/Main.storyboard; sourceTree = "<group>"; };
		8D06FE5C23F50B5600B3B213 /* Assets.xcassets */ = {isa = PBXFileReference; lastKnownFileType = folder.assetcatalog; path = Assets.xcassets; sourceTree = "<group>"; };
		8D06FE5F23F50B5600B3B213 /* Base */ = {isa = PBXFileReference; lastKnownFileType = file.storyboard; name = Base; path = Base.lproj/LaunchScreen.storyboard; sourceTree = "<group>"; };
		8D06FE6123F50B5600B3B213 /* Info.plist */ = {isa = PBXFileReference; lastKnownFileType = text.plist.xml; path = Info.plist; sourceTree = "<group>"; };
		8D06FE6623F50B5700B3B213 /* Todoey2Tests.xctest */ = {isa = PBXFileReference; explicitFileType = wrapper.cfbundle; includeInIndex = 0; path = Todoey2Tests.xctest; sourceTree = BUILT_PRODUCTS_DIR; };
		8D06FE6A23F50B5700B3B213 /* Todoey2Tests.swift */ = {isa = PBXFileReference; lastKnownFileType = sourcecode.swift; path = Todoey2Tests.swift; sourceTree = "<group>"; };
		8D06FE6C23F50B5700B3B213 /* Info.plist */ = {isa = PBXFileReference; lastKnownFileType = text.plist.xml; path = Info.plist; sourceTree = "<group>"; };
		8D06FE7123F50B5700B3B213 /* Todoey2UITests.xctest */ = {isa = PBXFileReference; explicitFileType = wrapper.cfbundle; includeInIndex = 0; path = Todoey2UITests.xctest; sourceTree = BUILT_PRODUCTS_DIR; };
		8D06FE7523F50B5700B3B213 /* Todoey2UITests.swift */ = {isa = PBXFileReference; lastKnownFileType = sourcecode.swift; path = Todoey2UITests.swift; sourceTree = "<group>"; };
		8D06FE7723F50B5700B3B213 /* Info.plist */ = {isa = PBXFileReference; lastKnownFileType = text.plist.xml; path = Info.plist; sourceTree = "<group>"; };
		8D06FE8623F50FBE00B3B213 /* Item.swift */ = {isa = PBXFileReference; lastKnownFileType = sourcecode.swift; path = Item.swift; sourceTree = "<group>"; };
/* End PBXFileReference section */

/* Begin PBXFrameworksBuildPhase section */
		8D06FE4D23F50B5600B3B213 /* Frameworks */ = {
			isa = PBXFrameworksBuildPhase;
			buildActionMask = 2147483647;
			files = (
			);
			runOnlyForDeploymentPostprocessing = 0;
		};
		8D06FE6323F50B5700B3B213 /* Frameworks */ = {
			isa = PBXFrameworksBuildPhase;
			buildActionMask = 2147483647;
			files = (
			);
			runOnlyForDeploymentPostprocessing = 0;
		};
		8D06FE6E23F50B5700B3B213 /* Frameworks */ = {
			isa = PBXFrameworksBuildPhase;
			buildActionMask = 2147483647;
			files = (
			);
			runOnlyForDeploymentPostprocessing = 0;
		};
/* End PBXFrameworksBuildPhase section */

/* Begin PBXGroup section */
		8D06FE4723F50B5600B3B213 = {
			isa = PBXGroup;
			children = (
				8D06FE5223F50B5600B3B213 /* Todoey2 */,
				8D06FE6923F50B5700B3B213 /* Todoey2Tests */,
				8D06FE7423F50B5700B3B213 /* Todoey2UITests */,
				8D06FE5123F50B5600B3B213 /* Products */,
			);
			sourceTree = "<group>";
		};
		8D06FE5123F50B5600B3B213 /* Products */ = {
			isa = PBXGroup;
			children = (
				8D06FE5023F50B5600B3B213 /* Todoey2.app */,
				8D06FE6623F50B5700B3B213 /* Todoey2Tests.xctest */,
				8D06FE7123F50B5700B3B213 /* Todoey2UITests.xctest */,
			);
			name = Products;
			sourceTree = "<group>";
		};
		8D06FE5223F50B5600B3B213 /* Todoey2 */ = {
			isa = PBXGroup;
			children = (
				8D06FE8523F50F4C00B3B213 /* Data Model */,
				8D06FE8423F50F3A00B3B213 /* Controller */,
				8D06FE8323F50F1700B3B213 /* View */,
				8D06FE5323F50B5600B3B213 /* AppDelegate.swift */,
				8D06FE5523F50B5600B3B213 /* SceneDelegate.swift */,
				8D06FE5C23F50B5600B3B213 /* Assets.xcassets */,
				8D06FE5E23F50B5600B3B213 /* LaunchScreen.storyboard */,
				8D06FE6123F50B5600B3B213 /* Info.plist */,
			);
			path = Todoey2;
			sourceTree = "<group>";
		};
		8D06FE6923F50B5700B3B213 /* Todoey2Tests */ = {
			isa = PBXGroup;
			children = (
				8D06FE6A23F50B5700B3B213 /* Todoey2Tests.swift */,
				8D06FE6C23F50B5700B3B213 /* Info.plist */,
			);
			path = Todoey2Tests;
			sourceTree = "<group>";
		};
		8D06FE7423F50B5700B3B213 /* Todoey2UITests */ = {
			isa = PBXGroup;
			children = (
				8D06FE7523F50B5700B3B213 /* Todoey2UITests.swift */,
				8D06FE7723F50B5700B3B213 /* Info.plist */,
			);
			path = Todoey2UITests;
			sourceTree = "<group>";
		};
		8D06FE8323F50F1700B3B213 /* View */ = {
			isa = PBXGroup;
			children = (
				8D06FE5923F50B5600B3B213 /* Main.storyboard */,
			);
			name = View;
			sourceTree = "<group>";
		};
		8D06FE8423F50F3A00B3B213 /* Controller */ = {
			isa = PBXGroup;
			children = (
				8D06FE5723F50B5600B3B213 /* TodoListViewController.swift */,
			);
			name = Controller;
			sourceTree = "<group>";
		};
		8D06FE8523F50F4C00B3B213 /* Data Model */ = {
			isa = PBXGroup;
			children = (
				8D06FE8623F50FBE00B3B213 /* Item.swift */,
			);
			name = "Data Model";
			sourceTree = "<group>";
		};
/* End PBXGroup section */

/* Begin PBXNativeTarget section */
		8D06FE4F23F50B5600B3B213 /* Todoey2 */ = {
			isa = PBXNativeTarget;
			buildConfigurationList = 8D06FE7A23F50B5700B3B213 /* Build configuration list for PBXNativeTarget "Todoey2" */;
			buildPhases = (
				8D06FE4C23F50B5600B3B213 /* Sources */,
				8D06FE4D23F50B5600B3B213 /* Frameworks */,
				8D06FE4E23F50B5600B3B213 /* Resources */,
			);
			buildRules = (
			);
			dependencies = (
			);
			name = Todoey2;
			productName = Todoey2;
			productReference = 8D06FE5023F50B5600B3B213 /* Todoey2.app */;
			productType = "com.apple.product-type.application";
		};
		8D06FE6523F50B5700B3B213 /* Todoey2Tests */ = {
			isa = PBXNativeTarget;
			buildConfigurationList = 8D06FE7D23F50B5700B3B213 /* Build configuration list for PBXNativeTarget "Todoey2Tests" */;
			buildPhases = (
				8D06FE6223F50B5700B3B213 /* Sources */,
				8D06FE6323F50B5700B3B213 /* Frameworks */,
				8D06FE6423F50B5700B3B213 /* Resources */,
			);
			buildRules = (
			);
			dependencies = (
				8D06FE6823F50B5700B3B213 /* PBXTargetDependency */,
			);
			name = Todoey2Tests;
			productName = Todoey2Tests;
			productReference = 8D06FE6623F50B5700B3B213 /* Todoey2Tests.xctest */;
			productType = "com.apple.product-type.bundle.unit-test";
		};
		8D06FE7023F50B5700B3B213 /* Todoey2UITests */ = {
			isa = PBXNativeTarget;
			buildConfigurationList = 8D06FE8023F50B5700B3B213 /* Build configuration list for PBXNativeTarget "Todoey2UITests" */;
			buildPhases = (
				8D06FE6D23F50B5700B3B213 /* Sources */,
				8D06FE6E23F50B5700B3B213 /* Frameworks */,
				8D06FE6F23F50B5700B3B213 /* Resources */,
			);
			buildRules = (
			);
			dependencies = (
				8D06FE7323F50B5700B3B213 /* PBXTargetDependency */,
			);
			name = Todoey2UITests;
			productName = Todoey2UITests;
			productReference = 8D06FE7123F50B5700B3B213 /* Todoey2UITests.xctest */;
			productType = "com.apple.product-type.bundle.ui-testing";
		};
/* End PBXNativeTarget section */

/* Begin PBXProject section */
		8D06FE4823F50B5600B3B213 /* Project object */ = {
			isa = PBXProject;
			attributes = {
				LastSwiftUpdateCheck = 1130;
				LastUpgradeCheck = 1130;
				ORGANIZATIONNAME = Myph;
				TargetAttributes = {
					8D06FE4F23F50B5600B3B213 = {
						CreatedOnToolsVersion = 11.3.1;
					};
					8D06FE6523F50B5700B3B213 = {
						CreatedOnToolsVersion = 11.3.1;
						TestTargetID = 8D06FE4F23F50B5600B3B213;
					};
					8D06FE7023F50B5700B3B213 = {
						CreatedOnToolsVersion = 11.3.1;
						TestTargetID = 8D06FE4F23F50B5600B3B213;
					};
				};
			};
			buildConfigurationList = 8D06FE4B23F50B5600B3B213 /* Build configuration list for PBXProject "Todoey2" */;
			compatibilityVersion = "Xcode 9.3";
			developmentRegion = en;
			hasScannedForEncodings = 0;
			knownRegions = (
				en,
				Base,
			);
			mainGroup = 8D06FE4723F50B5600B3B213;
			productRefGroup = 8D06FE5123F50B5600B3B213 /* Products */;
			projectDirPath = "";
			projectRoot = "";
			targets = (
				8D06FE4F23F50B5600B3B213 /* Todoey2 */,
				8D06FE6523F50B5700B3B213 /* Todoey2Tests */,
				8D06FE7023F50B5700B3B213 /* Todoey2UITests */,
			);
		};
/* End PBXProject section */

/* Begin PBXResourcesBuildPhase section */
		8D06FE4E23F50B5600B3B213 /* Resources */ = {
			isa = PBXResourcesBuildPhase;
			buildActionMask = 2147483647;
			files = (
				8D06FE6023F50B5600B3B213 /* LaunchScreen.storyboard in Resources */,
				8D06FE5D23F50B5600B3B213 /* Assets.xcassets in Resources */,
				8D06FE5B23F50B5600B3B213 /* Main.storyboard in Resources */,
			);
			runOnlyForDeploymentPostprocessing = 0;
		};
		8D06FE6423F50B5700B3B213 /* Resources */ = {
			isa = PBXResourcesBuildPhase;
			buildActionMask = 2147483647;
			files = (
			);
			runOnlyForDeploymentPostprocessing = 0;
		};
		8D06FE6F23F50B5700B3B213 /* Resources */ = {
			isa = PBXResourcesBuildPhase;
			buildActionMask = 2147483647;
			files = (
			);
			runOnlyForDeploymentPostprocessing = 0;
		};
/* End PBXResourcesBuildPhase section */

/* Begin PBXSourcesBuildPhase section */
		8D06FE4C23F50B5600B3B213 /* Sources */ = {
			isa = PBXSourcesBuildPhase;
			buildActionMask = 2147483647;
			files = (
				8D06FE8723F50FBE00B3B213 /* Item.swift in Sources */,
				8D06FE5823F50B5600B3B213 /* TodoListViewController.swift in Sources */,
				8D06FE5423F50B5600B3B213 /* AppDelegate.swift in Sources */,
				8D06FE5623F50B5600B3B213 /* SceneDelegate.swift in Sources */,
			);
			runOnlyForDeploymentPostprocessing = 0;
		};
		8D06FE6223F50B5700B3B213 /* Sources */ = {
			isa = PBXSourcesBuildPhase;
			buildActionMask = 2147483647;
			files = (
				8D06FE6B23F50B5700B3B213 /* Todoey2Tests.swift in Sources */,
			);
			runOnlyForDeploymentPostprocessing = 0;
		};
		8D06FE6D23F50B5700B3B213 /* Sources */ = {
			isa = PBXSourcesBuildPhase;
			buildActionMask = 2147483647;
			files = (
				8D06FE7623F50B5700B3B213 /* Todoey2UITests.swift in Sources */,
			);
			runOnlyForDeploymentPostprocessing = 0;
		};
/* End PBXSourcesBuildPhase section */

/* Begin PBXTargetDependency section */
		8D06FE6823F50B5700B3B213 /* PBXTargetDependency */ = {
			isa = PBXTargetDependency;
			target = 8D06FE4F23F50B5600B3B213 /* Todoey2 */;
			targetProxy = 8D06FE6723F50B5700B3B213 /* PBXContainerItemProxy */;
		};
		8D06FE7323F50B5700B3B213 /* PBXTargetDependency */ = {
			isa = PBXTargetDependency;
			target = 8D06FE4F23F50B5600B3B213 /* Todoey2 */;
			targetProxy = 8D06FE7223F50B5700B3B213 /* PBXContainerItemProxy */;
		};
/* End PBXTargetDependency section */

/* Begin PBXVariantGroup section */
		8D06FE5923F50B5600B3B213 /* Main.storyboard */ = {
			isa = PBXVariantGroup;
			children = (
				8D06FE5A23F50B5600B3B213 /* Base */,
			);
			name = Main.storyboard;
			sourceTree = "<group>";
		};
		8D06FE5E23F50B5600B3B213 /* LaunchScreen.storyboard */ = {
			isa = PBXVariantGroup;
			children = (
				8D06FE5F23F50B5600B3B213 /* Base */,
			);
			name = LaunchScreen.storyboard;
			sourceTree = "<group>";
		};
/* End PBXVariantGroup section */

/* Begin XCBuildConfiguration section */
		8D06FE7823F50B5700B3B213 /* Debug */ = {
			isa = XCBuildConfiguration;
			buildSettings = {
				ALWAYS_SEARCH_USER_PATHS = NO;
				CLANG_ANALYZER_NONNULL = YES;
				CLANG_ANALYZER_NUMBER_OBJECT_CONVERSION = YES_AGGRESSIVE;
				CLANG_CXX_LANGUAGE_STANDARD = "gnu++14";
				CLANG_CXX_LIBRARY = "libc++";
				CLANG_ENABLE_MODULES = YES;
				CLANG_ENABLE_OBJC_ARC = YES;
				CLANG_ENABLE_OBJC_WEAK = YES;
				CLANG_WARN_BLOCK_CAPTURE_AUTORELEASING = YES;
				CLANG_WARN_BOOL_CONVERSION = YES;
				CLANG_WARN_COMMA = YES;
				CLANG_WARN_CONSTANT_CONVERSION = YES;
				CLANG_WARN_DEPRECATED_OBJC_IMPLEMENTATIONS = YES;
				CLANG_WARN_DIRECT_OBJC_ISA_USAGE = YES_ERROR;
				CLANG_WARN_DOCUMENTATION_COMMENTS = YES;
				CLANG_WARN_EMPTY_BODY = YES;
				CLANG_WARN_ENUM_CONVERSION = YES;
				CLANG_WARN_INFINITE_RECURSION = YES;
				CLANG_WARN_INT_CONVERSION = YES;
				CLANG_WARN_NON_LITERAL_NULL_CONVERSION = YES;
				CLANG_WARN_OBJC_IMPLICIT_RETAIN_SELF = YES;
				CLANG_WARN_OBJC_LITERAL_CONVERSION = YES;
				CLANG_WARN_OBJC_ROOT_CLASS = YES_ERROR;
				CLANG_WARN_RANGE_LOOP_ANALYSIS = YES;
				CLANG_WARN_STRICT_PROTOTYPES = YES;
				CLANG_WARN_SUSPICIOUS_MOVE = YES;
				CLANG_WARN_UNGUARDED_AVAILABILITY = YES_AGGRESSIVE;
				CLANG_WARN_UNREACHABLE_CODE = YES;
				CLANG_WARN__DUPLICATE_METHOD_MATCH = YES;
				COPY_PHASE_STRIP = NO;
				DEBUG_INFORMATION_FORMAT = dwarf;
				ENABLE_STRICT_OBJC_MSGSEND = YES;
				ENABLE_TESTABILITY = YES;
				GCC_C_LANGUAGE_STANDARD = gnu11;
				GCC_DYNAMIC_NO_PIC = NO;
				GCC_NO_COMMON_BLOCKS = YES;
				GCC_OPTIMIZATION_LEVEL = 0;
				GCC_PREPROCESSOR_DEFINITIONS = (
					"DEBUG=1",
					"$(inherited)",
				);
				GCC_WARN_64_TO_32_BIT_CONVERSION = YES;
				GCC_WARN_ABOUT_RETURN_TYPE = YES_ERROR;
				GCC_WARN_UNDECLARED_SELECTOR = YES;
				GCC_WARN_UNINITIALIZED_AUTOS = YES_AGGRESSIVE;
				GCC_WARN_UNUSED_FUNCTION = YES;
				GCC_WARN_UNUSED_VARIABLE = YES;
				IPHONEOS_DEPLOYMENT_TARGET = 13.2;
				MTL_ENABLE_DEBUG_INFO = INCLUDE_SOURCE;
				MTL_FAST_MATH = YES;
				ONLY_ACTIVE_ARCH = YES;
				SDKROOT = iphoneos;
				SWIFT_ACTIVE_COMPILATION_CONDITIONS = DEBUG;
				SWIFT_OPTIMIZATION_LEVEL = "-Onone";
			};
			name = Debug;
		};
		8D06FE7923F50B5700B3B213 /* Release */ = {
			isa = XCBuildConfiguration;
			buildSettings = {
				ALWAYS_SEARCH_USER_PATHS = NO;
				CLANG_ANALYZER_NONNULL = YES;
				CLANG_ANALYZER_NUMBER_OBJECT_CONVERSION = YES_AGGRESSIVE;
				CLANG_CXX_LANGUAGE_STANDARD = "gnu++14";
				CLANG_CXX_LIBRARY = "libc++";
				CLANG_ENABLE_MODULES = YES;
				CLANG_ENABLE_OBJC_ARC = YES;
				CLANG_ENABLE_OBJC_WEAK = YES;
				CLANG_WARN_BLOCK_CAPTURE_AUTORELEASING = YES;
				CLANG_WARN_BOOL_CONVERSION = YES;
				CLANG_WARN_COMMA = YES;
				CLANG_WARN_CONSTANT_CONVERSION = YES;
				CLANG_WARN_DEPRECATED_OBJC_IMPLEMENTATIONS = YES;
				CLANG_WARN_DIRECT_OBJC_ISA_USAGE = YES_ERROR;
				CLANG_WARN_DOCUMENTATION_COMMENTS = YES;
				CLANG_WARN_EMPTY_BODY = YES;
				CLANG_WARN_ENUM_CONVERSION = YES;
				CLANG_WARN_INFINITE_RECURSION = YES;
				CLANG_WARN_INT_CONVERSION = YES;
				CLANG_WARN_NON_LITERAL_NULL_CONVERSION = YES;
				CLANG_WARN_OBJC_IMPLICIT_RETAIN_SELF = YES;
				CLANG_WARN_OBJC_LITERAL_CONVERSION = YES;
				CLANG_WARN_OBJC_ROOT_CLASS = YES_ERROR;
				CLANG_WARN_RANGE_LOOP_ANALYSIS = YES;
				CLANG_WARN_STRICT_PROTOTYPES = YES;
				CLANG_WARN_SUSPICIOUS_MOVE = YES;
				CLANG_WARN_UNGUARDED_AVAILABILITY = YES_AGGRESSIVE;
				CLANG_WARN_UNREACHABLE_CODE = YES;
				CLANG_WARN__DUPLICATE_METHOD_MATCH = YES;
				COPY_PHASE_STRIP = NO;
				DEBUG_INFORMATION_FORMAT = "dwarf-with-dsym";
				ENABLE_NS_ASSERTIONS = NO;
				ENABLE_STRICT_OBJC_MSGSEND = YES;
				GCC_C_LANGUAGE_STANDARD = gnu11;
				GCC_NO_COMMON_BLOCKS = YES;
				GCC_WARN_64_TO_32_BIT_CONVERSION = YES;
				GCC_WARN_ABOUT_RETURN_TYPE = YES_ERROR;
				GCC_WARN_UNDECLARED_SELECTOR = YES;
				GCC_WARN_UNINITIALIZED_AUTOS = YES_AGGRESSIVE;
				GCC_WARN_UNUSED_FUNCTION = YES;
				GCC_WARN_UNUSED_VARIABLE = YES;
				IPHONEOS_DEPLOYMENT_TARGET = 13.2;
				MTL_ENABLE_DEBUG_INFO = NO;
				MTL_FAST_MATH = YES;
				SDKROOT = iphoneos;
				SWIFT_COMPILATION_MODE = wholemodule;
				SWIFT_OPTIMIZATION_LEVEL = "-O";
				VALIDATE_PRODUCT = YES;
			};
			name = Release;
		};
		8D06FE7B23F50B5700B3B213 /* Debug */ = {
			isa = XCBuildConfiguration;
			buildSettings = {
				ASSETCATALOG_COMPILER_APPICON_NAME = AppIcon;
				CODE_SIGN_STYLE = Automatic;
				INFOPLIST_FILE = Todoey2/Info.plist;
				LD_RUNPATH_SEARCH_PATHS = (
					"$(inherited)",
					"@executable_path/Frameworks",
				);
				PRODUCT_BUNDLE_IDENTIFIER = com.joy.Todoey2;
				PRODUCT_NAME = "$(TARGET_NAME)";
				SWIFT_VERSION = 5.0;
				TARGETED_DEVICE_FAMILY = "1,2";
			};
			name = Debug;
		};
		8D06FE7C23F50B5700B3B213 /* Release */ = {
			isa = XCBuildConfiguration;
			buildSettings = {
				ASSETCATALOG_COMPILER_APPICON_NAME = AppIcon;
				CODE_SIGN_STYLE = Automatic;
				INFOPLIST_FILE = Todoey2/Info.plist;
				LD_RUNPATH_SEARCH_PATHS = (
					"$(inherited)",
					"@executable_path/Frameworks",
				);
				PRODUCT_BUNDLE_IDENTIFIER = com.joy.Todoey2;
				PRODUCT_NAME = "$(TARGET_NAME)";
				SWIFT_VERSION = 5.0;
				TARGETED_DEVICE_FAMILY = "1,2";
			};
			name = Release;
		};
		8D06FE7E23F50B5700B3B213 /* Debug */ = {
			isa = XCBuildConfiguration;
			buildSettings = {
				ALWAYS_EMBED_SWIFT_STANDARD_LIBRARIES = YES;
				BUNDLE_LOADER = "$(TEST_HOST)";
				CODE_SIGN_STYLE = Automatic;
				INFOPLIST_FILE = Todoey2Tests/Info.plist;
				IPHONEOS_DEPLOYMENT_TARGET = 13.2;
				LD_RUNPATH_SEARCH_PATHS = (
					"$(inherited)",
					"@executable_path/Frameworks",
					"@loader_path/Frameworks",
				);
				PRODUCT_BUNDLE_IDENTIFIER = com.joy.Todoey2Tests;
				PRODUCT_NAME = "$(TARGET_NAME)";
				SWIFT_VERSION = 5.0;
				TARGETED_DEVICE_FAMILY = "1,2";
				TEST_HOST = "$(BUILT_PRODUCTS_DIR)/Todoey2.app/Todoey2";
			};
			name = Debug;
		};
		8D06FE7F23F50B5700B3B213 /* Release */ = {
			isa = XCBuildConfiguration;
			buildSettings = {
				ALWAYS_EMBED_SWIFT_STANDARD_LIBRARIES = YES;
				BUNDLE_LOADER = "$(TEST_HOST)";
				CODE_SIGN_STYLE = Automatic;
				INFOPLIST_FILE = Todoey2Tests/Info.plist;
				IPHONEOS_DEPLOYMENT_TARGET = 13.2;
				LD_RUNPATH_SEARCH_PATHS = (
					"$(inherited)",
					"@executable_path/Frameworks",
					"@loader_path/Frameworks",
				);
				PRODUCT_BUNDLE_IDENTIFIER = com.joy.Todoey2Tests;
				PRODUCT_NAME = "$(TARGET_NAME)";
				SWIFT_VERSION = 5.0;
				TARGETED_DEVICE_FAMILY = "1,2";
				TEST_HOST = "$(BUILT_PRODUCTS_DIR)/Todoey2.app/Todoey2";
			};
			name = Release;
		};
		8D06FE8123F50B5700B3B213 /* Debug */ = {
			isa = XCBuildConfiguration;
			buildSettings = {
				ALWAYS_EMBED_SWIFT_STANDARD_LIBRARIES = YES;
				CODE_SIGN_STYLE = Automatic;
				INFOPLIST_FILE = Todoey2UITests/Info.plist;
				LD_RUNPATH_SEARCH_PATHS = (
					"$(inherited)",
					"@executable_path/Frameworks",
					"@loader_path/Frameworks",
				);
				PRODUCT_BUNDLE_IDENTIFIER = com.joy.Todoey2UITests;
				PRODUCT_NAME = "$(TARGET_NAME)";
				SWIFT_VERSION = 5.0;
				TARGETED_DEVICE_FAMILY = "1,2";
				TEST_TARGET_NAME = Todoey2;
			};
			name = Debug;
		};
		8D06FE8223F50B5700B3B213 /* Release */ = {
			isa = XCBuildConfiguration;
			buildSettings = {
				ALWAYS_EMBED_SWIFT_STANDARD_LIBRARIES = YES;
				CODE_SIGN_STYLE = Automatic;
				INFOPLIST_FILE = Todoey2UITests/Info.plist;
				LD_RUNPATH_SEARCH_PATHS = (
					"$(inherited)",
					"@executable_path/Frameworks",
					"@loader_path/Frameworks",
				);
				PRODUCT_BUNDLE_IDENTIFIER = com.joy.Todoey2UITests;
				PRODUCT_NAME = "$(TARGET_NAME)";
				SWIFT_VERSION = 5.0;
				TARGETED_DEVICE_FAMILY = "1,2";
				TEST_TARGET_NAME = Todoey2;
			};
			name = Release;
		};
/* End XCBuildConfiguration section */

/* Begin XCConfigurationList section */
		8D06FE4B23F50B5600B3B213 /* Build configuration list for PBXProject "Todoey2" */ = {
			isa = XCConfigurationList;
			buildConfigurations = (
				8D06FE7823F50B5700B3B213 /* Debug */,
				8D06FE7923F50B5700B3B213 /* Release */,
			);
			defaultConfigurationIsVisible = 0;
			defaultConfigurationName = Release;
		};
		8D06FE7A23F50B5700B3B213 /* Build configuration list for PBXNativeTarget "Todoey2" */ = {
			isa = XCConfigurationList;
			buildConfigurations = (
				8D06FE7B23F50B5700B3B213 /* Debug */,
				8D06FE7C23F50B5700B3B213 /* Release */,
			);
			defaultConfigurationIsVisible = 0;
			defaultConfigurationName = Release;
		};
		8D06FE7D23F50B5700B3B213 /* Build configuration list for PBXNativeTarget "Todoey2Tests" */ = {
			isa = XCConfigurationList;
			buildConfigurations = (
				8D06FE7E23F50B5700B3B213 /* Debug */,
				8D06FE7F23F50B5700B3B213 /* Release */,
			);
			defaultConfigurationIsVisible = 0;
			defaultConfigurationName = Release;
		};
		8D06FE8023F50B5700B3B213 /* Build configuration list for PBXNativeTarget "Todoey2UITests" */ = {
			isa = XCConfigurationList;
			buildConfigurations = (
				8D06FE8123F50B5700B3B213 /* Debug */,
				8D06FE8223F50B5700B3B213 /* Release */,
			);
			defaultConfigurationIsVisible = 0;
			defaultConfigurationName = Release;
		};
/* End XCConfigurationList section */
	};
	rootObject = 8D06FE4823F50B5600B3B213 /* Project object */;
}
